<Solution>
  <Folder Name="/Solution Items/">
    <File Path="compose.yaml" />
  </Folder>
  <Folder Name="/Solution Items/ADRs/">
    <File Path="ADR-001-Sources-To-Types.md" />
  </Folder>
  <Folder Name="/Src/">
    <Project Path="src/ArgosSharp.Api/ArgosSharp.Api.csproj" />
    <Project Path="src/ArgosSharp.Application/ArgosSharp.Application.csproj" />
    <Project Path="src/ArgosSharp.Domain/ArgosSharp.Domain.csproj" />
    <Project Path="src/ArgosSharp.Infrastructure/ArgosSharp.Infrastructure.csproj" />
  </Folder>
  <Folder Name="/Tests/">
    <Project Path="tests/ArgosSharp.Api.UnitTests/ArgosSharp.Api.UnitTests.csproj" />
    <Project Path="tests/ArgosSharp.Application.UnitTests/ArgosSharp.Application.UnitTests.csproj" />
    <Project Path="tests/ArgosSharp.Domain.UnitTests/ArgosSharp.Domain.UnitTests.csproj" />
    <Project Path="tests/ArgosSharp.Infrastructure.UnitTests/ArgosSharp.Infrastructure.UnitTests.csproj" />
  </Folder>
</Solution>
